// !$*UTF8*$!
{
	archiveVersion = 1;
	classes = {
	};
	objectVersion = 50;
	objects = {

/* Begin PBXBuildFile section */
		097BABDE276321ED00FD18A7 /* AppDelegate.swift in Sources */ = {isa = PBXBuildFile; fileRef = 097BABDD276321ED00FD18A7 /* AppDelegate.swift */; };
		097BABE0276321ED00FD18A7 /* SceneDelegate.swift in Sources */ = {isa = PBXBuildFile; fileRef = 097BABDF276321ED00FD18A7 /* SceneDelegate.swift */; };
		097BABE2276321ED00FD18A7 /* ContentView.swift in Sources */ = {isa = PBXBuildFile; fileRef = 097BABE1276321ED00FD18A7 /* ContentView.swift */; };
		097BABE4276321F300FD18A7 /* Assets.xcassets in Resources */ = {isa = PBXBuildFile; fileRef = 097BABE3276321F300FD18A7 /* Assets.xcassets */; };
		097BABE7276321F300FD18A7 /* Preview Assets.xcassets in Resources */ = {isa = PBXBuildFile; fileRef = 097BABE6276321F300FD18A7 /* Preview Assets.xcassets */; };
		097BABEA276321F300FD18A7 /* LaunchScreen.storyboard in Resources */ = {isa = PBXBuildFile; fileRef = 097BABE8276321F300FD18A7 /* LaunchScreen.storyboard */; };
		097BABF5276321F400FD18A7 /* HerathTests.swift in Sources */ = {isa = PBXBuildFile; fileRef = 097BABF4276321F400FD18A7 /* HerathTests.swift */; };
		097BAC00276321F400FD18A7 /* HerathUITests.swift in Sources */ = {isa = PBXBuildFile; fileRef = 097BABFF276321F400FD18A7 /* HerathUITests.swift */; };
		8127DC36CF4C8CEF0F931A57 /* Pods_Herath_HerathUITests.framework in Frameworks */ = {isa = PBXBuildFile; fileRef = 411C92CD68EAF2E677570706 /* Pods_Herath_HerathUITests.framework */; };
		D74087D8A7E0999B450CAE9E /* Pods_HerathTests.framework in Frameworks */ = {isa = PBXBuildFile; fileRef = D45ED9AF92BBDBC03DDA74BA /* Pods_HerathTests.framework */; };
		EE77FB320DDA579E2EE1A102 /* Pods_Herath.framework in Frameworks */ = {isa = PBXBuildFile; fileRef = 36031B678F8D5334C7740BF3 /* Pods_Herath.framework */; };
/* End PBXBuildFile section */

/* Begin PBXContainerItemProxy section */
		097BABF1276321F400FD18A7 /* PBXContainerItemProxy */ = {
			isa = PBXContainerItemProxy;
			containerPortal = 097BABD2276321ED00FD18A7 /* Project object */;
			proxyType = 1;
			remoteGlobalIDString = 097BABD9276321ED00FD18A7;
			remoteInfo = Herath;
		};
		097BABFC276321F400FD18A7 /* PBXContainerItemProxy */ = {
			isa = PBXContainerItemProxy;
			containerPortal = 097BABD2276321ED00FD18A7 /* Project object */;
			proxyType = 1;
			remoteGlobalIDString = 097BABD9276321ED00FD18A7;
			remoteInfo = Herath;
		};
/* End PBXContainerItemProxy section */

/* Begin PBXFileReference section */
		08B9F8BF9855F5A4C43CFF0C /* Pods-Herath.release.xcconfig */ = {isa = PBXFileReference; includeInIndex = 1; lastKnownFileType = text.xcconfig; name = "Pods-Herath.release.xcconfig"; path = "Target Support Files/Pods-Herath/Pods-Herath.release.xcconfig"; sourceTree = "<group>"; };
		097BABDA276321ED00FD18A7 /* Herath.app */ = {isa = PBXFileReference; explicitFileType = wrapper.application; includeInIndex = 0; path = Herath.app; sourceTree = BUILT_PRODUCTS_DIR; };
		097BABDD276321ED00FD18A7 /* AppDelegate.swift */ = {isa = PBXFileReference; lastKnownFileType = sourcecode.swift; path = AppDelegate.swift; sourceTree = "<group>"; };
		097BABDF276321ED00FD18A7 /* SceneDelegate.swift */ = {isa = PBXFileReference; lastKnownFileType = sourcecode.swift; path = SceneDelegate.swift; sourceTree = "<group>"; };
		097BABE1276321ED00FD18A7 /* ContentView.swift */ = {isa = PBXFileReference; lastKnownFileType = sourcecode.swift; path = ContentView.swift; sourceTree = "<group>"; };
		097BABE3276321F300FD18A7 /* Assets.xcassets */ = {isa = PBXFileReference; lastKnownFileType = folder.assetcatalog; path = Assets.xcassets; sourceTree = "<group>"; };
		097BABE6276321F300FD18A7 /* Preview Assets.xcassets */ = {isa = PBXFileReference; lastKnownFileType = folder.assetcatalog; path = "Preview Assets.xcassets"; sourceTree = "<group>"; };
		097BABE9276321F300FD18A7 /* Base */ = {isa = PBXFileReference; lastKnownFileType = file.storyboard; name = Base; path = Base.lproj/LaunchScreen.storyboard; sourceTree = "<group>"; };
		097BABEB276321F300FD18A7 /* Info.plist */ = {isa = PBXFileReference; lastKnownFileType = text.plist.xml; path = Info.plist; sourceTree = "<group>"; };
		097BABF0276321F400FD18A7 /* HerathTests.xctest */ = {isa = PBXFileReference; explicitFileType = wrapper.cfbundle; includeInIndex = 0; path = HerathTests.xctest; sourceTree = BUILT_PRODUCTS_DIR; };
		097BABF4276321F400FD18A7 /* HerathTests.swift */ = {isa = PBXFileReference; lastKnownFileType = sourcecode.swift; path = HerathTests.swift; sourceTree = "<group>"; };
		097BABF6276321F400FD18A7 /* Info.plist */ = {isa = PBXFileReference; lastKnownFileType = text.plist.xml; path = Info.plist; sourceTree = "<group>"; };
		097BABFB276321F400FD18A7 /* HerathUITests.xctest */ = {isa = PBXFileReference; explicitFileType = wrapper.cfbundle; includeInIndex = 0; path = HerathUITests.xctest; sourceTree = BUILT_PRODUCTS_DIR; };
		097BABFF276321F400FD18A7 /* HerathUITests.swift */ = {isa = PBXFileReference; lastKnownFileType = sourcecode.swift; path = HerathUITests.swift; sourceTree = "<group>"; };
		097BAC01276321F400FD18A7 /* Info.plist */ = {isa = PBXFileReference; lastKnownFileType = text.plist.xml; path = Info.plist; sourceTree = "<group>"; };
		2AF0DC0005F6A4B5CC707FDC /* Pods-Herath.debug.xcconfig */ = {isa = PBXFileReference; includeInIndex = 1; lastKnownFileType = text.xcconfig; name = "Pods-Herath.debug.xcconfig"; path = "Target Support Files/Pods-Herath/Pods-Herath.debug.xcconfig"; sourceTree = "<group>"; };
		300A5D28E21A634D60C92287 /* Pods-Herath-HerathUITests.release.xcconfig */ = {isa = PBXFileReference; includeInIndex = 1; lastKnownFileType = text.xcconfig; name = "Pods-Herath-HerathUITests.release.xcconfig"; path = "Target Support Files/Pods-Herath-HerathUITests/Pods-Herath-HerathUITests.release.xcconfig"; sourceTree = "<group>"; };
		36031B678F8D5334C7740BF3 /* Pods_Herath.framework */ = {isa = PBXFileReference; explicitFileType = wrapper.framework; includeInIndex = 0; path = Pods_Herath.framework; sourceTree = BUILT_PRODUCTS_DIR; };
		411C92CD68EAF2E677570706 /* Pods_Herath_HerathUITests.framework */ = {isa = PBXFileReference; explicitFileType = wrapper.framework; includeInIndex = 0; path = Pods_Herath_HerathUITests.framework; sourceTree = BUILT_PRODUCTS_DIR; };
		6F6616AE2E11FDFF0413317A /* Pods-HerathTests.debug.xcconfig */ = {isa = PBXFileReference; includeInIndex = 1; lastKnownFileType = text.xcconfig; name = "Pods-HerathTests.debug.xcconfig"; path = "Target Support Files/Pods-HerathTests/Pods-HerathTests.debug.xcconfig"; sourceTree = "<group>"; };
		C3B5BCBD61C05CF00C2A264F /* Pods-Herath-HerathUITests.debug.xcconfig */ = {isa = PBXFileReference; includeInIndex = 1; lastKnownFileType = text.xcconfig; name = "Pods-Herath-HerathUITests.debug.xcconfig"; path = "Target Support Files/Pods-Herath-HerathUITests/Pods-Herath-HerathUITests.debug.xcconfig"; sourceTree = "<group>"; };
		D45ED9AF92BBDBC03DDA74BA /* Pods_HerathTests.framework */ = {isa = PBXFileReference; explicitFileType = wrapper.framework; includeInIndex = 0; path = Pods_HerathTests.framework; sourceTree = BUILT_PRODUCTS_DIR; };
		DA982BD5589C246AF30F899F /* Pods-HerathTests.release.xcconfig */ = {isa = PBXFileReference; includeInIndex = 1; lastKnownFileType = text.xcconfig; name = "Pods-HerathTests.release.xcconfig"; path = "Target Support Files/Pods-HerathTests/Pods-HerathTests.release.xcconfig"; sourceTree = "<group>"; };
/* End PBXFileReference section */

/* Begin PBXFrameworksBuildPhase section */
		097BABD7276321ED00FD18A7 /* Frameworks */ = {
			isa = PBXFrameworksBuildPhase;
			buildActionMask = 2147483647;
			files = (
				EE77FB320DDA579E2EE1A102 /* Pods_Herath.framework in Frameworks */,
			);
			runOnlyForDeploymentPostprocessing = 0;
		};
		097BABED276321F400FD18A7 /* Frameworks */ = {
			isa = PBXFrameworksBuildPhase;
			buildActionMask = 2147483647;
			files = (
				D74087D8A7E0999B450CAE9E /* Pods_HerathTests.framework in Frameworks */,
			);
			runOnlyForDeploymentPostprocessing = 0;
		};
		097BABF8276321F400FD18A7 /* Frameworks */ = {
			isa = PBXFrameworksBuildPhase;
			buildActionMask = 2147483647;
			files = (
				8127DC36CF4C8CEF0F931A57 /* Pods_Herath_HerathUITests.framework in Frameworks */,
			);
			runOnlyForDeploymentPostprocessing = 0;
		};
/* End PBXFrameworksBuildPhase section */

/* Begin PBXGroup section */
		097BABD1276321ED00FD18A7 = {
			isa = PBXGroup;
			children = (
				097BABDC276321ED00FD18A7 /* Herath */,
				097BABF3276321F400FD18A7 /* HerathTests */,
				097BABFE276321F400FD18A7 /* HerathUITests */,
				097BABDB276321ED00FD18A7 /* Products */,
				2EAB54AE2039BB0EE6BEFFDC /* Pods */,
				8CE06C941E3F14DDAB759ED0 /* Frameworks */,
			);
			sourceTree = "<group>";
		};
		097BABDB276321ED00FD18A7 /* Products */ = {
			isa = PBXGroup;
			children = (
				097BABDA276321ED00FD18A7 /* Herath.app */,
				097BABF0276321F400FD18A7 /* HerathTests.xctest */,
				097BABFB276321F400FD18A7 /* HerathUITests.xctest */,
			);
			name = Products;
			sourceTree = "<group>";
		};
		097BABDC276321ED00FD18A7 /* Herath */ = {
			isa = PBXGroup;
			children = (
				097BABDD276321ED00FD18A7 /* AppDelegate.swift */,
				097BABDF276321ED00FD18A7 /* SceneDelegate.swift */,
				097BABE1276321ED00FD18A7 /* ContentView.swift */,
				097BABE3276321F300FD18A7 /* Assets.xcassets */,
				097BABE8276321F300FD18A7 /* LaunchScreen.storyboard */,
				097BABEB276321F300FD18A7 /* Info.plist */,
				097BABE5276321F300FD18A7 /* Preview Content */,
			);
			path = Herath;
			sourceTree = "<group>";
		};
		097BABE5276321F300FD18A7 /* Preview Content */ = {
			isa = PBXGroup;
			children = (
				097BABE6276321F300FD18A7 /* Preview Assets.xcassets */,
			);
			path = "Preview Content";
			sourceTree = "<group>";
		};
		097BABF3276321F400FD18A7 /* HerathTests */ = {
			isa = PBXGroup;
			children = (
				097BABF4276321F400FD18A7 /* HerathTests.swift */,
				097BABF6276321F400FD18A7 /* Info.plist */,
			);
			path = HerathTests;
			sourceTree = "<group>";
		};
		097BABFE276321F400FD18A7 /* HerathUITests */ = {
			isa = PBXGroup;
			children = (
				097BABFF276321F400FD18A7 /* HerathUITests.swift */,
				097BAC01276321F400FD18A7 /* Info.plist */,
			);
			path = HerathUITests;
			sourceTree = "<group>";
		};
		2EAB54AE2039BB0EE6BEFFDC /* Pods */ = {
			isa = PBXGroup;
			children = (
				2AF0DC0005F6A4B5CC707FDC /* Pods-Herath.debug.xcconfig */,
				08B9F8BF9855F5A4C43CFF0C /* Pods-Herath.release.xcconfig */,
				C3B5BCBD61C05CF00C2A264F /* Pods-Herath-HerathUITests.debug.xcconfig */,
				300A5D28E21A634D60C92287 /* Pods-Herath-HerathUITests.release.xcconfig */,
				6F6616AE2E11FDFF0413317A /* Pods-HerathTests.debug.xcconfig */,
				DA982BD5589C246AF30F899F /* Pods-HerathTests.release.xcconfig */,
			);
			name = Pods;
			path = Pods;
			sourceTree = "<group>";
		};
		8CE06C941E3F14DDAB759ED0 /* Frameworks */ = {
			isa = PBXGroup;
			children = (
				36031B678F8D5334C7740BF3 /* Pods_Herath.framework */,
				411C92CD68EAF2E677570706 /* Pods_Herath_HerathUITests.framework */,
				D45ED9AF92BBDBC03DDA74BA /* Pods_HerathTests.framework */,
			);
			name = Frameworks;
			sourceTree = "<group>";
		};
/* End PBXGroup section */

/* Begin PBXNativeTarget section */
		097BABD9276321ED00FD18A7 /* Herath */ = {
			isa = PBXNativeTarget;
			buildConfigurationList = 097BAC04276321F400FD18A7 /* Build configuration list for PBXNativeTarget "Herath" */;
			buildPhases = (
				B2BE72FBFE533FD09ABCACE6 /* [CP] Check Pods Manifest.lock */,
				097BABD6276321ED00FD18A7 /* Sources */,
				097BABD7276321ED00FD18A7 /* Frameworks */,
				097BABD8276321ED00FD18A7 /* Resources */,
				BB87A20B52710C758EB0CC0B /* [CP] Embed Pods Frameworks */,
			);
			buildRules = (
			);
			dependencies = (
			);
			name = Herath;
			productName = Herath;
			productReference = 097BABDA276321ED00FD18A7 /* Herath.app */;
			productType = "com.apple.product-type.application";
		};
		097BABEF276321F400FD18A7 /* HerathTests */ = {
			isa = PBXNativeTarget;
			buildConfigurationList = 097BAC07276321F400FD18A7 /* Build configuration list for PBXNativeTarget "HerathTests" */;
			buildPhases = (
				E3CD9B510A662C9C6D672D04 /* [CP] Check Pods Manifest.lock */,
				097BABEC276321F400FD18A7 /* Sources */,
				097BABED276321F400FD18A7 /* Frameworks */,
				097BABEE276321F400FD18A7 /* Resources */,
			);
			buildRules = (
			);
			dependencies = (
				097BABF2276321F400FD18A7 /* PBXTargetDependency */,
			);
			name = HerathTests;
			productName = HerathTests;
			productReference = 097BABF0276321F400FD18A7 /* HerathTests.xctest */;
			productType = "com.apple.product-type.bundle.unit-test";
		};
		097BABFA276321F400FD18A7 /* HerathUITests */ = {
			isa = PBXNativeTarget;
			buildConfigurationList = 097BAC0A276321F400FD18A7 /* Build configuration list for PBXNativeTarget "HerathUITests" */;
			buildPhases = (
				49DCA9EAEDC45F2A2EFDAB45 /* [CP] Check Pods Manifest.lock */,
				097BABF7276321F400FD18A7 /* Sources */,
				097BABF8276321F400FD18A7 /* Frameworks */,
				097BABF9276321F400FD18A7 /* Resources */,
				7D4650C8770A14B998459CA3 /* [CP] Embed Pods Frameworks */,
			);
			buildRules = (
			);
			dependencies = (
				097BABFD276321F400FD18A7 /* PBXTargetDependency */,
			);
			name = HerathUITests;
			productName = HerathUITests;
			productReference = 097BABFB276321F400FD18A7 /* HerathUITests.xctest */;
			productType = "com.apple.product-type.bundle.ui-testing";
		};
/* End PBXNativeTarget section */

/* Begin PBXProject section */
		097BABD2276321ED00FD18A7 /* Project object */ = {
			isa = PBXProject;
			attributes = {
				LastSwiftUpdateCheck = 1200;
				LastUpgradeCheck = 1200;
				TargetAttributes = {
					097BABD9276321ED00FD18A7 = {
						CreatedOnToolsVersion = 12.0;
					};
					097BABEF276321F400FD18A7 = {
						CreatedOnToolsVersion = 12.0;
						TestTargetID = 097BABD9276321ED00FD18A7;
					};
					097BABFA276321F400FD18A7 = {
						CreatedOnToolsVersion = 12.0;
						TestTargetID = 097BABD9276321ED00FD18A7;
					};
				};
			};
			buildConfigurationList = 097BABD5276321ED00FD18A7 /* Build configuration list for PBXProject "Herath" */;
			compatibilityVersion = "Xcode 9.3";
			developmentRegion = en;
			hasScannedForEncodings = 0;
			knownRegions = (
				en,
				Base,
			);
			mainGroup = 097BABD1276321ED00FD18A7;
			productRefGroup = 097BABDB276321ED00FD18A7 /* Products */;
			projectDirPath = "";
			projectRoot = "";
			targets = (
				097BABD9276321ED00FD18A7 /* Herath */,
				097BABEF276321F400FD18A7 /* HerathTests */,
				097BABFA276321F400FD18A7 /* HerathUITests */,
			);
		};
/* End PBXProject section */

/* Begin PBXResourcesBuildPhase section */
		097BABD8276321ED00FD18A7 /* Resources */ = {
			isa = PBXResourcesBuildPhase;
			buildActionMask = 2147483647;
			files = (
				097BABEA276321F300FD18A7 /* LaunchScreen.storyboard in Resources */,
				097BABE7276321F300FD18A7 /* Preview Assets.xcassets in Resources */,
				097BABE4276321F300FD18A7 /* Assets.xcassets in Resources */,
			);
			runOnlyForDeploymentPostprocessing = 0;
		};
		097BABEE276321F400FD18A7 /* Resources */ = {
			isa = PBXResourcesBuildPhase;
			buildActionMask = 2147483647;
			files = (
			);
			runOnlyForDeploymentPostprocessing = 0;
		};
		097BABF9276321F400FD18A7 /* Resources */ = {
			isa = PBXResourcesBuildPhase;
			buildActionMask = 2147483647;
			files = (
			);
			runOnlyForDeploymentPostprocessing = 0;
		};
/* End PBXResourcesBuildPhase section */

/* Begin PBXShellScriptBuildPhase section */
		49DCA9EAEDC45F2A2EFDAB45 /* [CP] Check Pods Manifest.lock */ = {
			isa = PBXShellScriptBuildPhase;
			buildActionMask = 2147483647;
			files = (
			);
			inputFileListPaths = (
			);
			inputPaths = (
				"${PODS_PODFILE_DIR_PATH}/Podfile.lock",
				"${PODS_ROOT}/Manifest.lock",
			);
			name = "[CP] Check Pods Manifest.lock";
			outputFileListPaths = (
			);
			outputPaths = (
				"$(DERIVED_FILE_DIR)/Pods-Herath-HerathUITests-checkManifestLockResult.txt",
			);
			runOnlyForDeploymentPostprocessing = 0;
			shellPath = /bin/sh;
			shellScript = "diff \"${PODS_PODFILE_DIR_PATH}/Podfile.lock\" \"${PODS_ROOT}/Manifest.lock\" > /dev/null\nif [ $? != 0 ] ; then\n    # print error to STDERR\n    echo \"error: The sandbox is not in sync with the Podfile.lock. Run 'pod install' or update your CocoaPods installation.\" >&2\n    exit 1\nfi\n# This output is used by Xcode 'outputs' to avoid re-running this script phase.\necho \"SUCCESS\" > \"${SCRIPT_OUTPUT_FILE_0}\"\n";
			showEnvVarsInLog = 0;
		};
		7D4650C8770A14B998459CA3 /* [CP] Embed Pods Frameworks */ = {
			isa = PBXShellScriptBuildPhase;
			buildActionMask = 2147483647;
			files = (
			);
			inputFileListPaths = (
				"${PODS_ROOT}/Target Support Files/Pods-Herath-HerathUITests/Pods-Herath-HerathUITests-frameworks-${CONFIGURATION}-input-files.xcfilelist",
			);
			name = "[CP] Embed Pods Frameworks";
			outputFileListPaths = (
				"${PODS_ROOT}/Target Support Files/Pods-Herath-HerathUITests/Pods-Herath-HerathUITests-frameworks-${CONFIGURATION}-output-files.xcfilelist",
			);
			runOnlyForDeploymentPostprocessing = 0;
			shellPath = /bin/sh;
			shellScript = "\"${PODS_ROOT}/Target Support Files/Pods-Herath-HerathUITests/Pods-Herath-HerathUITests-frameworks.sh\"\n";
			showEnvVarsInLog = 0;
		};
		B2BE72FBFE533FD09ABCACE6 /* [CP] Check Pods Manifest.lock */ = {
			isa = PBXShellScriptBuildPhase;
			buildActionMask = 2147483647;
			files = (
			);
			inputFileListPaths = (
			);
			inputPaths = (
				"${PODS_PODFILE_DIR_PATH}/Podfile.lock",
				"${PODS_ROOT}/Manifest.lock",
			);
			name = "[CP] Check Pods Manifest.lock";
			outputFileListPaths = (
			);
			outputPaths = (
				"$(DERIVED_FILE_DIR)/Pods-Herath-checkManifestLockResult.txt",
			);
			runOnlyForDeploymentPostprocessing = 0;
			shellPath = /bin/sh;
			shellScript = "diff \"${PODS_PODFILE_DIR_PATH}/Podfile.lock\" \"${PODS_ROOT}/Manifest.lock\" > /dev/null\nif [ $? != 0 ] ; then\n    # print error to STDERR\n    echo \"error: The sandbox is not in sync with the Podfile.lock. Run 'pod install' or update your CocoaPods installation.\" >&2\n    exit 1\nfi\n# This output is used by Xcode 'outputs' to avoid re-running this script phase.\necho \"SUCCESS\" > \"${SCRIPT_OUTPUT_FILE_0}\"\n";
			showEnvVarsInLog = 0;
		};
		BB87A20B52710C758EB0CC0B /* [CP] Embed Pods Frameworks */ = {
			isa = PBXShellScriptBuildPhase;
			buildActionMask = 2147483647;
			files = (
			);
			inputFileListPaths = (
				"${PODS_ROOT}/Target Support Files/Pods-Herath/Pods-Herath-frameworks-${CONFIGURATION}-input-files.xcfilelist",
			);
			name = "[CP] Embed Pods Frameworks";
			outputFileListPaths = (
				"${PODS_ROOT}/Target Support Files/Pods-Herath/Pods-Herath-frameworks-${CONFIGURATION}-output-files.xcfilelist",
			);
			runOnlyForDeploymentPostprocessing = 0;
			shellPath = /bin/sh;
			shellScript = "\"${PODS_ROOT}/Target Support Files/Pods-Herath/Pods-Herath-frameworks.sh\"\n";
			showEnvVarsInLog = 0;
		};
		E3CD9B510A662C9C6D672D04 /* [CP] Check Pods Manifest.lock */ = {
			isa = PBXShellScriptBuildPhase;
			buildActionMask = 2147483647;
			files = (
			);
			inputFileListPaths = (
			);
			inputPaths = (
				"${PODS_PODFILE_DIR_PATH}/Podfile.lock",
				"${PODS_ROOT}/Manifest.lock",
			);
			name = "[CP] Check Pods Manifest.lock";
			outputFileListPaths = (
			);
			outputPaths = (
				"$(DERIVED_FILE_DIR)/Pods-HerathTests-checkManifestLockResult.txt",
			);
			runOnlyForDeploymentPostprocessing = 0;
			shellPath = /bin/sh;
			shellScript = "diff \"${PODS_PODFILE_DIR_PATH}/Podfile.lock\" \"${PODS_ROOT}/Manifest.lock\" > /dev/null\nif [ $? != 0 ] ; then\n    # print error to STDERR\n    echo \"error: The sandbox is not in sync with the Podfile.lock. Run 'pod install' or update your CocoaPods installation.\" >&2\n    exit 1\nfi\n# This output is used by Xcode 'outputs' to avoid re-running this script phase.\necho \"SUCCESS\" > \"${SCRIPT_OUTPUT_FILE_0}\"\n";
			showEnvVarsInLog = 0;
		};
/* End PBXShellScriptBuildPhase section */

/* Begin PBXSourcesBuildPhase section */
		097BABD6276321ED00FD18A7 /* Sources */ = {
			isa = PBXSourcesBuildPhase;
			buildActionMask = 2147483647;
			files = (
				097BABDE276321ED00FD18A7 /* AppDelegate.swift in Sources */,
				097BABE0276321ED00FD18A7 /* SceneDelegate.swift in Sources */,
				097BABE2276321ED00FD18A7 /* ContentView.swift in Sources */,
			);
			runOnlyForDeploymentPostprocessing = 0;
		};
		097BABEC276321F400FD18A7 /* Sources */ = {
			isa = PBXSourcesBuildPhase;
			buildActionMask = 2147483647;
			files = (
				097BABF5276321F400FD18A7 /* HerathTests.swift in Sources */,
			);
			runOnlyForDeploymentPostprocessing = 0;
		};
		097BABF7276321F400FD18A7 /* Sources */ = {
			isa = PBXSourcesBuildPhase;
			buildActionMask = 2147483647;
			files = (
				097BAC00276321F400FD18A7 /* HerathUITests.swift in Sources */,
			);
			runOnlyForDeploymentPostprocessing = 0;
		};
/* End PBXSourcesBuildPhase section */

/* Begin PBXTargetDependency section */
		097BABF2276321F400FD18A7 /* PBXTargetDependency */ = {
			isa = PBXTargetDependency;
			target = 097BABD9276321ED00FD18A7 /* Herath */;
			targetProxy = 097BABF1276321F400FD18A7 /* PBXContainerItemProxy */;
		};
		097BABFD276321F400FD18A7 /* PBXTargetDependency */ = {
			isa = PBXTargetDependency;
			target = 097BABD9276321ED00FD18A7 /* Herath */;
			targetProxy = 097BABFC276321F400FD18A7 /* PBXContainerItemProxy */;
		};
/* End PBXTargetDependency section */

/* Begin PBXVariantGroup section */
		097BABE8276321F300FD18A7 /* LaunchScreen.storyboard */ = {
			isa = PBXVariantGroup;
			children = (
				097BABE9276321F300FD18A7 /* Base */,
			);
			name = LaunchScreen.storyboard;
			sourceTree = "<group>";
		};
/* End PBXVariantGroup section */

/* Begin XCBuildConfiguration section */
		097BAC02276321F400FD18A7 /* Debug */ = {
			isa = XCBuildConfiguration;
			buildSettings = {
				ALWAYS_SEARCH_USER_PATHS = NO;
				CLANG_ANALYZER_NONNULL = YES;
				CLANG_ANALYZER_NUMBER_OBJECT_CONVERSION = YES_AGGRESSIVE;
				CLANG_CXX_LANGUAGE_STANDARD = "gnu++14";
				CLANG_CXX_LIBRARY = "libc++";
				CLANG_ENABLE_MODULES = YES;
				CLANG_ENABLE_OBJC_ARC = YES;
				CLANG_ENABLE_OBJC_WEAK = YES;
				CLANG_WARN_BLOCK_CAPTURE_AUTORELEASING = YES;
				CLANG_WARN_BOOL_CONVERSION = YES;
				CLANG_WARN_COMMA = YES;
				CLANG_WARN_CONSTANT_CONVERSION = YES;
				CLANG_WARN_DEPRECATED_OBJC_IMPLEMENTATIONS = YES;
				CLANG_WARN_DIRECT_OBJC_ISA_USAGE = YES_ERROR;
				CLANG_WARN_DOCUMENTATION_COMMENTS = YES;
				CLANG_WARN_EMPTY_BODY = YES;
				CLANG_WARN_ENUM_CONVERSION = YES;
				CLANG_WARN_INFINITE_RECURSION = YES;
				CLANG_WARN_INT_CONVERSION = YES;
				CLANG_WARN_NON_LITERAL_NULL_CONVERSION = YES;
				CLANG_WARN_OBJC_IMPLICIT_RETAIN_SELF = YES;
				CLANG_WARN_OBJC_LITERAL_CONVERSION = YES;
				CLANG_WARN_OBJC_ROOT_CLASS = YES_ERROR;
				CLANG_WARN_QUOTED_INCLUDE_IN_FRAMEWORK_HEADER = YES;
				CLANG_WARN_RANGE_LOOP_ANALYSIS = YES;
				CLANG_WARN_STRICT_PROTOTYPES = YES;
				CLANG_WARN_SUSPICIOUS_MOVE = YES;
				CLANG_WARN_UNGUARDED_AVAILABILITY = YES_AGGRESSIVE;
				CLANG_WARN_UNREACHABLE_CODE = YES;
				CLANG_WARN__DUPLICATE_METHOD_MATCH = YES;
				COPY_PHASE_STRIP = NO;
				DEBUG_INFORMATION_FORMAT = dwarf;
				ENABLE_STRICT_OBJC_MSGSEND = YES;
				ENABLE_TESTABILITY = YES;
				GCC_C_LANGUAGE_STANDARD = gnu11;
				GCC_DYNAMIC_NO_PIC = NO;
				GCC_NO_COMMON_BLOCKS = YES;
				GCC_OPTIMIZATION_LEVEL = 0;
				GCC_PREPROCESSOR_DEFINITIONS = (
					"DEBUG=1",
					"$(inherited)",
				);
				GCC_WARN_64_TO_32_BIT_CONVERSION = YES;
				GCC_WARN_ABOUT_RETURN_TYPE = YES_ERROR;
				GCC_WARN_UNDECLARED_SELECTOR = YES;
				GCC_WARN_UNINITIALIZED_AUTOS = YES_AGGRESSIVE;
				GCC_WARN_UNUSED_FUNCTION = YES;
				GCC_WARN_UNUSED_VARIABLE = YES;
				IPHONEOS_DEPLOYMENT_TARGET = 14.0;
				MTL_ENABLE_DEBUG_INFO = INCLUDE_SOURCE;
				MTL_FAST_MATH = YES;
				ONLY_ACTIVE_ARCH = YES;
				SDKROOT = iphoneos;
				SWIFT_ACTIVE_COMPILATION_CONDITIONS = DEBUG;
				SWIFT_OPTIMIZATION_LEVEL = "-Onone";
			};
			name = Debug;
		};
		097BAC03276321F400FD18A7 /* Release */ = {
			isa = XCBuildConfiguration;
			buildSettings = {
				ALWAYS_SEARCH_USER_PATHS = NO;
				CLANG_ANALYZER_NONNULL = YES;
				CLANG_ANALYZER_NUMBER_OBJECT_CONVERSION = YES_AGGRESSIVE;
				CLANG_CXX_LANGUAGE_STANDARD = "gnu++14";
				CLANG_CXX_LIBRARY = "libc++";
				CLANG_ENABLE_MODULES = YES;
				CLANG_ENABLE_OBJC_ARC = YES;
				CLANG_ENABLE_OBJC_WEAK = YES;
				CLANG_WARN_BLOCK_CAPTURE_AUTORELEASING = YES;
				CLANG_WARN_BOOL_CONVERSION = YES;
				CLANG_WARN_COMMA = YES;
				CLANG_WARN_CONSTANT_CONVERSION = YES;
				CLANG_WARN_DEPRECATED_OBJC_IMPLEMENTATIONS = YES;
				CLANG_WARN_DIRECT_OBJC_ISA_USAGE = YES_ERROR;
				CLANG_WARN_DOCUMENTATION_COMMENTS = YES;
				CLANG_WARN_EMPTY_BODY = YES;
				CLANG_WARN_ENUM_CONVERSION = YES;
				CLANG_WARN_INFINITE_RECURSION = YES;
				CLANG_WARN_INT_CONVERSION = YES;
				CLANG_WARN_NON_LITERAL_NULL_CONVERSION = YES;
				CLANG_WARN_OBJC_IMPLICIT_RETAIN_SELF = YES;
				CLANG_WARN_OBJC_LITERAL_CONVERSION = YES;
				CLANG_WARN_OBJC_ROOT_CLASS = YES_ERROR;
				CLANG_WARN_QUOTED_INCLUDE_IN_FRAMEWORK_HEADER = YES;
				CLANG_WARN_RANGE_LOOP_ANALYSIS = YES;
				CLANG_WARN_STRICT_PROTOTYPES = YES;
				CLANG_WARN_SUSPICIOUS_MOVE = YES;
				CLANG_WARN_UNGUARDED_AVAILABILITY = YES_AGGRESSIVE;
				CLANG_WARN_UNREACHABLE_CODE = YES;
				CLANG_WARN__DUPLICATE_METHOD_MATCH = YES;
				COPY_PHASE_STRIP = NO;
				DEBUG_INFORMATION_FORMAT = "dwarf-with-dsym";
				ENABLE_NS_ASSERTIONS = NO;
				ENABLE_STRICT_OBJC_MSGSEND = YES;
				GCC_C_LANGUAGE_STANDARD = gnu11;
				GCC_NO_COMMON_BLOCKS = YES;
				GCC_WARN_64_TO_32_BIT_CONVERSION = YES;
				GCC_WARN_ABOUT_RETURN_TYPE = YES_ERROR;
				GCC_WARN_UNDECLARED_SELECTOR = YES;
				GCC_WARN_UNINITIALIZED_AUTOS = YES_AGGRESSIVE;
				GCC_WARN_UNUSED_FUNCTION = YES;
				GCC_WARN_UNUSED_VARIABLE = YES;
				IPHONEOS_DEPLOYMENT_TARGET = 14.0;
				MTL_ENABLE_DEBUG_INFO = NO;
				MTL_FAST_MATH = YES;
				SDKROOT = iphoneos;
				SWIFT_COMPILATION_MODE = wholemodule;
				SWIFT_OPTIMIZATION_LEVEL = "-O";
				VALIDATE_PRODUCT = YES;
			};
			name = Release;
		};
		097BAC05276321F400FD18A7 /* Debug */ = {
			isa = XCBuildConfiguration;
			baseConfigurationReference = 2AF0DC0005F6A4B5CC707FDC /* Pods-Herath.debug.xcconfig */;
			buildSettings = {
				ASSETCATALOG_COMPILER_APPICON_NAME = AppIcon;
				ASSETCATALOG_COMPILER_GLOBAL_ACCENT_COLOR_NAME = AccentColor;
				CODE_SIGN_STYLE = Automatic;
				DEVELOPMENT_ASSET_PATHS = "\"Herath/Preview Content\"";
				DEVELOPMENT_TEAM = N2THM4JP49;
				ENABLE_PREVIEWS = YES;
				INFOPLIST_FILE = Herath/Info.plist;
				LD_RUNPATH_SEARCH_PATHS = (
					"$(inherited)",
					"@executable_path/Frameworks",
				);
				PRODUCT_BUNDLE_IDENTIFIER = lk.nibm.Herath.Herath;
				PRODUCT_NAME = "$(TARGET_NAME)";
				SWIFT_VERSION = 5.0;
				TARGETED_DEVICE_FAMILY = "1,2";
			};
			name = Debug;
		};
		097BAC06276321F400FD18A7 /* Release */ = {
			isa = XCBuildConfiguration;
			baseConfigurationReference = 08B9F8BF9855F5A4C43CFF0C /* Pods-Herath.release.xcconfig */;
			buildSettings = {
				ASSETCATALOG_COMPILER_APPICON_NAME = AppIcon;
				ASSETCATALOG_COMPILER_GLOBAL_ACCENT_COLOR_NAME = AccentColor;
				CODE_SIGN_STYLE = Automatic;
				DEVELOPMENT_ASSET_PATHS = "\"Herath/Preview Content\"";
				DEVELOPMENT_TEAM = N2THM4JP49;
				ENABLE_PREVIEWS = YES;
				INFOPLIST_FILE = Herath/Info.plist;
				LD_RUNPATH_SEARCH_PATHS = (
					"$(inherited)",
					"@executable_path/Frameworks",
				);
				PRODUCT_BUNDLE_IDENTIFIER = lk.nibm.Herath.Herath;
				PRODUCT_NAME = "$(TARGET_NAME)";
				SWIFT_VERSION = 5.0;
				TARGETED_DEVICE_FAMILY = "1,2";
			};
			name = Release;
		};
		097BAC08276321F400FD18A7 /* Debug */ = {
			isa = XCBuildConfiguration;
			baseConfigurationReference = 6F6616AE2E11FDFF0413317A /* Pods-HerathTests.debug.xcconfig */;
			buildSettings = {
				ALWAYS_EMBED_SWIFT_STANDARD_LIBRARIES = YES;
				BUNDLE_LOADER = "$(TEST_HOST)";
				CODE_SIGN_STYLE = Automatic;
				DEVELOPMENT_TEAM = N2THM4JP49;
				INFOPLIST_FILE = HerathTests/Info.plist;
				IPHONEOS_DEPLOYMENT_TARGET = 14.0;
				LD_RUNPATH_SEARCH_PATHS = (
					"$(inherited)",
					"@executable_path/Frameworks",
					"@loader_path/Frameworks",
				);
				PRODUCT_BUNDLE_IDENTIFIER = lk.nibm.Herath.HerathTests;
				PRODUCT_NAME = "$(TARGET_NAME)";
				SWIFT_VERSION = 5.0;
				TARGETED_DEVICE_FAMILY = "1,2";
				TEST_HOST = "$(BUILT_PRODUCTS_DIR)/Herath.app/Herath";
			};
			name = Debug;
		};
		097BAC09276321F400FD18A7 /* Release */ = {
			isa = XCBuildConfiguration;
			baseConfigurationReference = DA982BD5589C246AF30F899F /* Pods-HerathTests.release.xcconfig */;
			buildSettings = {
				ALWAYS_EMBED_SWIFT_STANDARD_LIBRARIES = YES;
				BUNDLE_LOADER = "$(TEST_HOST)";
				CODE_SIGN_STYLE = Automatic;
				DEVELOPMENT_TEAM = N2THM4JP49;
				INFOPLIST_FILE = HerathTests/Info.plist;
				IPHONEOS_DEPLOYMENT_TARGET = 14.0;
				LD_RUNPATH_SEARCH_PATHS = (
					"$(inherited)",
					"@executable_path/Frameworks",
					"@loader_path/Frameworks",
				);
				PRODUCT_BUNDLE_IDENTIFIER = lk.nibm.Herath.HerathTests;
				PRODUCT_NAME = "$(TARGET_NAME)";
				SWIFT_VERSION = 5.0;
				TARGETED_DEVICE_FAMILY = "1,2";
				TEST_HOST = "$(BUILT_PRODUCTS_DIR)/Herath.app/Herath";
			};
			name = Release;
		};
		097BAC0B276321F400FD18A7 /* Debug */ = {
			isa = XCBuildConfiguration;
			baseConfigurationReference = C3B5BCBD61C05CF00C2A264F /* Pods-Herath-HerathUITests.debug.xcconfig */;
			buildSettings = {
				ALWAYS_EMBED_SWIFT_STANDARD_LIBRARIES = YES;
				CODE_SIGN_STYLE = Automatic;
				DEVELOPMENT_TEAM = N2THM4JP49;
				INFOPLIST_FILE = HerathUITests/Info.plist;
				LD_RUNPATH_SEARCH_PATHS = (
					"$(inherited)",
					"@executable_path/Frameworks",
					"@loader_path/Frameworks",
				);
				PRODUCT_BUNDLE_IDENTIFIER = lk.nibm.Herath.HerathUITests;
				PRODUCT_NAME = "$(TARGET_NAME)";
				SWIFT_VERSION = 5.0;
				TARGETED_DEVICE_FAMILY = "1,2";
				TEST_TARGET_NAME = Herath;
			};
			name = Debug;
		};
		097BAC0C276321F400FD18A7 /* Release */ = {
			isa = XCBuildConfiguration;
			baseConfigurationReference = 300A5D28E21A634D60C92287 /* Pods-Herath-HerathUITests.release.xcconfig */;
			buildSettings = {
				ALWAYS_EMBED_SWIFT_STANDARD_LIBRARIES = YES;
				CODE_SIGN_STYLE = Automatic;
				DEVELOPMENT_TEAM = N2THM4JP49;
				INFOPLIST_FILE = HerathUITests/Info.plist;
				LD_RUNPATH_SEARCH_PATHS = (
					"$(inherited)",
					"@executable_path/Frameworks",
					"@loader_path/Frameworks",
				);
				PRODUCT_BUNDLE_IDENTIFIER = lk.nibm.Herath.HerathUITests;
				PRODUCT_NAME = "$(TARGET_NAME)";
				SWIFT_VERSION = 5.0;
				TARGETED_DEVICE_FAMILY = "1,2";
				TEST_TARGET_NAME = Herath;
			};
			name = Release;
		};
/* End XCBuildConfiguration section */

/* Begin XCConfigurationList section */
		097BABD5276321ED00FD18A7 /* Build configuration list for PBXProject "Herath" */ = {
			isa = XCConfigurationList;
			buildConfigurations = (
				097BAC02276321F400FD18A7 /* Debug */,
				097BAC03276321F400FD18A7 /* Release */,
			);
			defaultConfigurationIsVisible = 0;
			defaultConfigurationName = Release;
		};
		097BAC04276321F400FD18A7 /* Build configuration list for PBXNativeTarget "Herath" */ = {
			isa = XCConfigurationList;
			buildConfigurations = (
				097BAC05276321F400FD18A7 /* Debug */,
				097BAC06276321F400FD18A7 /* Release */,
			);
			defaultConfigurationIsVisible = 0;
			defaultConfigurationName = Release;
		};
		097BAC07276321F400FD18A7 /* Build configuration list for PBXNativeTarget "HerathTests" */ = {
			isa = XCConfigurationList;
			buildConfigurations = (
				097BAC08276321F400FD18A7 /* Debug */,
				097BAC09276321F400FD18A7 /* Release */,
			);
			defaultConfigurationIsVisible = 0;
			defaultConfigurationName = Release;
		};
		097BAC0A276321F400FD18A7 /* Build configuration list for PBXNativeTarget "HerathUITests" */ = {
			isa = XCConfigurationList;
			buildConfigurations = (
				097BAC0B276321F400FD18A7 /* Debug */,
				097BAC0C276321F400FD18A7 /* Release */,
			);
			defaultConfigurationIsVisible = 0;
			defaultConfigurationName = Release;
		};
/* End XCConfigurationList section */
	};
	rootObject = 097BABD2276321ED00FD18A7 /* Project object */;
}
